
Microsoft Visual Studio Solution File, Format Version 12.00
# Visual Studio Version 17
VisualStudioVersion = 17.2.32616.157
MinimumVisualStudioVersion = 10.0.40219.1
Project("{FAE04EC0-301F-11D3-BF4B-00C04F79EFBC}") = "CodeFirst", "CodeFirst.csproj", "{78EE1190-5448-485B-BECF-46E20C00F94F}"
EndProject
Global
	GlobalSection(SolutionConfigurationPlatforms) = preSolution
		Debug|Any CPU = Debug|Any CPU
		Release|Any CPU = Release|Any CPU
	EndGlobalSection
	GlobalSection(ProjectConfigurationPlatforms) = postSolution
		{78EE1190-5448-485B-BECF-46E20C00F94F}.Debug|Any CPU.ActiveCfg = Debug|Any CPU
		{78EE1190-5448-485B-BECF-46E20C00F94F}.Debug|Any CPU.Build.0 = Debug|Any CPU
		{78EE1190-5448-485B-BECF-46E20C00F94F}.Release|Any CPU.ActiveCfg = Release|Any CPU
		{78EE1190-5448-485B-BECF-46E20C00F94F}.Release|Any CPU.Build.0 = Release|Any CPU
	EndGlobalSection
	GlobalSection(SolutionProperties) = preSolution
		HideSolutionNode = FALSE
	EndGlobalSection
	GlobalSection(ExtensibilityGlobals) = postSolution
		SolutionGuid = {BF669056-A6B9-475F-B8C2-7A57818AA058}
	EndGlobalSection
EndGlobal
